// !$*UTF8*$!
{
	archiveVersion = 1;
	classes = {
	};
	objectVersion = 46;
	objects = {

/* Begin PBXBuildFile section */
		04F48B5A1AFA31A400ADC7BB /* main.m in Sources */ = {isa = PBXBuildFile; fileRef = 04F48B591AFA31A400ADC7BB /* main.m */; };
		04F48B5D1AFA31A400ADC7BB /* AppDelegate.m in Sources */ = {isa = PBXBuildFile; fileRef = 04F48B5C1AFA31A400ADC7BB /* AppDelegate.m */; };
		04F48B601AFA31A400ADC7BB /* ViewController.m in Sources */ = {isa = PBXBuildFile; fileRef = 04F48B5F1AFA31A400ADC7BB /* ViewController.m */; };
		04F48B631AFA31A400ADC7BB /* Main.storyboard in Resources */ = {isa = PBXBuildFile; fileRef = 04F48B611AFA31A400ADC7BB /* Main.storyboard */; };
		04F48B651AFA31A400ADC7BB /* Images.xcassets in Resources */ = {isa = PBXBuildFile; fileRef = 04F48B641AFA31A400ADC7BB /* Images.xcassets */; };
		04F48B681AFA31A400ADC7BB /* LaunchScreen.xib in Resources */ = {isa = PBXBuildFile; fileRef = 04F48B661AFA31A400ADC7BB /* LaunchScreen.xib */; };
		04F48B741AFA31A400ADC7BB /* BSYProgressViewTests.m in Sources */ = {isa = PBXBuildFile; fileRef = 04F48B731AFA31A400ADC7BB /* BSYProgressViewTests.m */; };
		04F48B7F1AFA31E200ADC7BB /* BSYView.m in Sources */ = {isa = PBXBuildFile; fileRef = 04F48B7E1AFA31E200ADC7BB /* BSYView.m */; };
/* End PBXBuildFile section */

/* Begin PBXContainerItemProxy section */
		04F48B6E1AFA31A400ADC7BB /* PBXContainerItemProxy */ = {
			isa = PBXContainerItemProxy;
			containerPortal = 04F48B4C1AFA31A400ADC7BB /* Project object */;
			proxyType = 1;
			remoteGlobalIDString = 04F48B531AFA31A400ADC7BB;
			remoteInfo = BSYProgressView;
		};
/* End PBXContainerItemProxy section */

/* Begin PBXFileReference section */
		04F48B541AFA31A400ADC7BB /* BSYProgressView.app */ = {isa = PBXFileReference; explicitFileType = wrapper.application; includeInIndex = 0; path = BSYProgressView.app; sourceTree = BUILT_PRODUCTS_DIR; };
		04F48B581AFA31A400ADC7BB /* Info.plist */ = {isa = PBXFileReference; lastKnownFileType = text.plist.xml; path = Info.plist; sourceTree = "<group>"; };
		04F48B591AFA31A400ADC7BB /* main.m */ = {isa = PBXFileReference; lastKnownFileType = sourcecode.c.objc; path = main.m; sourceTree = "<group>"; };
		04F48B5B1AFA31A400ADC7BB /* AppDelegate.h */ = {isa = PBXFileReference; lastKnownFileType = sourcecode.c.h; path = AppDelegate.h; sourceTree = "<group>"; };
		04F48B5C1AFA31A400ADC7BB /* AppDelegate.m */ = {isa = PBXFileReference; lastKnownFileType = sourcecode.c.objc; path = AppDelegate.m; sourceTree = "<group>"; };
		04F48B5E1AFA31A400ADC7BB /* ViewController.h */ = {isa = PBXFileReference; lastKnownFileType = sourcecode.c.h; path = ViewController.h; sourceTree = "<group>"; };
		04F48B5F1AFA31A400ADC7BB /* ViewController.m */ = {isa = PBXFileReference; lastKnownFileType = sourcecode.c.objc; path = ViewController.m; sourceTree = "<group>"; };
		04F48B621AFA31A400ADC7BB /* Base */ = {isa = PBXFileReference; lastKnownFileType = file.storyboard; name = Base; path = Base.lproj/Main.storyboard; sourceTree = "<group>"; };
		04F48B641AFA31A400ADC7BB /* Images.xcassets */ = {isa = PBXFileReference; lastKnownFileType = folder.assetcatalog; path = Images.xcassets; sourceTree = "<group>"; };
		04F48B671AFA31A400ADC7BB /* Base */ = {isa = PBXFileReference; lastKnownFileType = file.xib; name = Base; path = Base.lproj/LaunchScreen.xib; sourceTree = "<group>"; };
		04F48B6D1AFA31A400ADC7BB /* BSYProgressViewTests.xctest */ = {isa = PBXFileReference; explicitFileType = wrapper.cfbundle; includeInIndex = 0; path = BSYProgressViewTests.xctest; sourceTree = BUILT_PRODUCTS_DIR; };
		04F48B721AFA31A400ADC7BB /* Info.plist */ = {isa = PBXFileReference; lastKnownFileType = text.plist.xml; path = Info.plist; sourceTree = "<group>"; };
		04F48B731AFA31A400ADC7BB /* BSYProgressViewTests.m */ = {isa = PBXFileReference; lastKnownFileType = sourcecode.c.objc; path = BSYProgressViewTests.m; sourceTree = "<group>"; };
		04F48B7D1AFA31E200ADC7BB /* BSYView.h */ = {isa = PBXFileReference; fileEncoding = 4; lastKnownFileType = sourcecode.c.h; path = BSYView.h; sourceTree = "<group>"; };
		04F48B7E1AFA31E200ADC7BB /* BSYView.m */ = {isa = PBXFileReference; fileEncoding = 4; lastKnownFileType = sourcecode.c.objc; path = BSYView.m; sourceTree = "<group>"; };
/* End PBXFileReference section */

/* Begin PBXFrameworksBuildPhase section */
		04F48B511AFA31A400ADC7BB /* Frameworks */ = {
			isa = PBXFrameworksBuildPhase;
			buildActionMask = 2147483647;
			files = (
			);
			runOnlyForDeploymentPostprocessing = 0;
		};
		04F48B6A1AFA31A400ADC7BB /* Frameworks */ = {
			isa = PBXFrameworksBuildPhase;
			buildActionMask = 2147483647;
			files = (
			);
			runOnlyForDeploymentPostprocessing = 0;
		};
/* End PBXFrameworksBuildPhase section */

/* Begin PBXGroup section */
		04F48B4B1AFA31A400ADC7BB = {
			isa = PBXGroup;
			children = (
				04F48B7D1AFA31E200ADC7BB /* BSYView.h */,
				04F48B7E1AFA31E200ADC7BB /* BSYView.m */,
				04F48B561AFA31A400ADC7BB /* BSYProgressView */,
				04F48B701AFA31A400ADC7BB /* BSYProgressViewTests */,
				04F48B551AFA31A400ADC7BB /* Products */,
			);
			sourceTree = "<group>";
		};
		04F48B551AFA31A400ADC7BB /* Products */ = {
			isa = PBXGroup;
			children = (
				04F48B541AFA31A400ADC7BB /* BSYProgressView.app */,
				04F48B6D1AFA31A400ADC7BB /* BSYProgressViewTests.xctest */,
			);
			name = Products;
			sourceTree = "<group>";
		};
		04F48B561AFA31A400ADC7BB /* BSYProgressView */ = {
			isa = PBXGroup;
			children = (
				04F48B5B1AFA31A400ADC7BB /* AppDelegate.h */,
				04F48B5C1AFA31A400ADC7BB /* AppDelegate.m */,
				04F48B5E1AFA31A400ADC7BB /* ViewController.h */,
				04F48B5F1AFA31A400ADC7BB /* ViewController.m */,
				04F48B611AFA31A400ADC7BB /* Main.storyboard */,
				04F48B641AFA31A400ADC7BB /* Images.xcassets */,
				04F48B661AFA31A400ADC7BB /* LaunchScreen.xib */,
				04F48B571AFA31A400ADC7BB /* Supporting Files */,
			);
			path = BSYProgressView;
			sourceTree = "<group>";
		};
		04F48B571AFA31A400ADC7BB /* Supporting Files */ = {
			isa = PBXGroup;
			children = (
				04F48B581AFA31A400ADC7BB /* Info.plist */,
				04F48B591AFA31A400ADC7BB /* main.m */,
			);
			name = "Supporting Files";
			sourceTree = "<group>";
		};
		04F48B701AFA31A400ADC7BB /* BSYProgressViewTests */ = {
			isa = PBXGroup;
			children = (
				04F48B731AFA31A400ADC7BB /* BSYProgressViewTests.m */,
				04F48B711AFA31A400ADC7BB /* Supporting Files */,
			);
			path = BSYProgressViewTests;
			sourceTree = "<group>";
		};
		04F48B711AFA31A400ADC7BB /* Supporting Files */ = {
			isa = PBXGroup;
			children = (
				04F48B721AFA31A400ADC7BB /* Info.plist */,
			);
			name = "Supporting Files";
			sourceTree = "<group>";
		};
/* End PBXGroup section */

/* Begin PBXNativeTarget section */
		04F48B531AFA31A400ADC7BB /* BSYProgressView */ = {
			isa = PBXNativeTarget;
			buildConfigurationList = 04F48B771AFA31A400ADC7BB /* Build configuration list for PBXNativeTarget "BSYProgressView" */;
			buildPhases = (
				04F48B501AFA31A400ADC7BB /* Sources */,
				04F48B511AFA31A400ADC7BB /* Frameworks */,
				04F48B521AFA31A400ADC7BB /* Resources */,
			);
			buildRules = (
			);
			dependencies = (
			);
			name = BSYProgressView;
			productName = BSYProgressView;
			productReference = 04F48B541AFA31A400ADC7BB /* BSYProgressView.app */;
			productType = "com.apple.product-type.application";
		};
		04F48B6C1AFA31A400ADC7BB /* BSYProgressViewTests */ = {
			isa = PBXNativeTarget;
			buildConfigurationList = 04F48B7A1AFA31A400ADC7BB /* Build configuration list for PBXNativeTarget "BSYProgressViewTests" */;
			buildPhases = (
				04F48B691AFA31A400ADC7BB /* Sources */,
				04F48B6A1AFA31A400ADC7BB /* Frameworks */,
				04F48B6B1AFA31A400ADC7BB /* Resources */,
			);
			buildRules = (
			);
			dependencies = (
				04F48B6F1AFA31A400ADC7BB /* PBXTargetDependency */,
			);
			name = BSYProgressViewTests;
			productName = BSYProgressViewTests;
			productReference = 04F48B6D1AFA31A400ADC7BB /* BSYProgressViewTests.xctest */;
			productType = "com.apple.product-type.bundle.unit-test";
		};
/* End PBXNativeTarget section */

/* Begin PBXProject section */
		04F48B4C1AFA31A400ADC7BB /* Project object */ = {
			isa = PBXProject;
			attributes = {
				LastUpgradeCheck = 0620;
				ORGANIZATIONNAME = BSY;
				TargetAttributes = {
					04F48B531AFA31A400ADC7BB = {
						CreatedOnToolsVersion = 6.2;
					};
					04F48B6C1AFA31A400ADC7BB = {
						CreatedOnToolsVersion = 6.2;
						TestTargetID = 04F48B531AFA31A400ADC7BB;
					};
				};
			};
			buildConfigurationList = 04F48B4F1AFA31A400ADC7BB /* Build configuration list for PBXProject "BSYProgressView" */;
			compatibilityVersion = "Xcode 3.2";
			developmentRegion = English;
			hasScannedForEncodings = 0;
			knownRegions = (
				en,
				Base,
			);
			mainGroup = 04F48B4B1AFA31A400ADC7BB;
			productRefGroup = 04F48B551AFA31A400ADC7BB /* Products */;
			projectDirPath = "";
			projectRoot = "";
			targets = (
				04F48B531AFA31A400ADC7BB /* BSYProgressView */,
				04F48B6C1AFA31A400ADC7BB /* BSYProgressViewTests */,
			);
		};
/* End PBXProject section */

/* Begin PBXResourcesBuildPhase section */
		04F48B521AFA31A400ADC7BB /* Resources */ = {
			isa = PBXResourcesBuildPhase;
			buildActionMask = 2147483647;
			files = (
				04F48B631AFA31A400ADC7BB /* Main.storyboard in Resources */,
				04F48B681AFA31A400ADC7BB /* LaunchScreen.xib in Resources */,
				04F48B651AFA31A400ADC7BB /* Images.xcassets in Resources */,
			);
			runOnlyForDeploymentPostprocessing = 0;
		};
		04F48B6B1AFA31A400ADC7BB /* Resources */ = {
			isa = PBXResourcesBuildPhase;
			buildActionMask = 2147483647;
			files = (
			);
			runOnlyForDeploymentPostprocessing = 0;
		};
/* End PBXResourcesBuildPhase section */

/* Begin PBXSourcesBuildPhase section */
		04F48B501AFA31A400ADC7BB /* Sources */ = {
			isa = PBXSourcesBuildPhase;
			buildActionMask = 2147483647;
			files = (
				04F48B601AFA31A400ADC7BB /* ViewController.m in Sources */,
				04F48B7F1AFA31E200ADC7BB /* BSYView.m in Sources */,
				04F48B5D1AFA31A400ADC7BB /* AppDelegate.m in Sources */,
				04F48B5A1AFA31A400ADC7BB /* main.m in Sources */,
			);
			runOnlyForDeploymentPostprocessing = 0;
		};
		04F48B691AFA31A400ADC7BB /* Sources */ = {
			isa = PBXSourcesBuildPhase;
			buildActionMask = 2147483647;
			files = (
				04F48B741AFA31A400ADC7BB /* BSYProgressViewTests.m in Sources */,
			);
			runOnlyForDeploymentPostprocessing = 0;
		};
/* End PBXSourcesBuildPhase section */

/* Begin PBXTargetDependency section */
		04F48B6F1AFA31A400ADC7BB /* PBXTargetDependency */ = {
			isa = PBXTargetDependency;
			target = 04F48B531AFA31A400ADC7BB /* BSYProgressView */;
			targetProxy = 04F48B6E1AFA31A400ADC7BB /* PBXContainerItemProxy */;
		};
/* End PBXTargetDependency section */

/* Begin PBXVariantGroup section */
		04F48B611AFA31A400ADC7BB /* Main.storyboard */ = {
			isa = PBXVariantGroup;
			children = (
				04F48B621AFA31A400ADC7BB /* Base */,
			);
			name = Main.storyboard;
			sourceTree = "<group>";
		};
		04F48B661AFA31A400ADC7BB /* LaunchScreen.xib */ = {
			isa = PBXVariantGroup;
			children = (
				04F48B671AFA31A400ADC7BB /* Base */,
			);
			name = LaunchScreen.xib;
			sourceTree = "<group>";
		};
/* End PBXVariantGroup section */

/* Begin XCBuildConfiguration section */
		04F48B751AFA31A400ADC7BB /* Debug */ = {
			isa = XCBuildConfiguration;
			buildSettings = {
				ALWAYS_SEARCH_USER_PATHS = NO;
				CLANG_CXX_LANGUAGE_STANDARD = "gnu++0x";
				CLANG_CXX_LIBRARY = "libc++";
				CLANG_ENABLE_MODULES = YES;
				CLANG_ENABLE_OBJC_ARC = YES;
				CLANG_WARN_BOOL_CONVERSION = YES;
				CLANG_WARN_CONSTANT_CONVERSION = YES;
				CLANG_WARN_DIRECT_OBJC_ISA_USAGE = YES_ERROR;
				CLANG_WARN_EMPTY_BODY = YES;
				CLANG_WARN_ENUM_CONVERSION = YES;
				CLANG_WARN_INT_CONVERSION = YES;
				CLANG_WARN_OBJC_ROOT_CLASS = YES_ERROR;
				CLANG_WARN_UNREACHABLE_CODE = YES;
				CLANG_WARN__DUPLICATE_METHOD_MATCH = YES;
				"CODE_SIGN_IDENTITY[sdk=iphoneos*]" = "iPhone Developer";
				COPY_PHASE_STRIP = NO;
				ENABLE_STRICT_OBJC_MSGSEND = YES;
				GCC_C_LANGUAGE_STANDARD = gnu99;
				GCC_DYNAMIC_NO_PIC = NO;
				GCC_OPTIMIZATION_LEVEL = 0;
				GCC_PREPROCESSOR_DEFINITIONS = (
					"DEBUG=1",
					"$(inherited)",
				);
				GCC_SYMBOLS_PRIVATE_EXTERN = NO;
				GCC_WARN_64_TO_32_BIT_CONVERSION = YES;
				GCC_WARN_ABOUT_RETURN_TYPE = YES_ERROR;
				GCC_WARN_UNDECLARED_SELECTOR = YES;
				GCC_WARN_UNINITIALIZED_AUTOS = YES_AGGRESSIVE;
				GCC_WARN_UNUSED_FUNCTION = YES;
				GCC_WARN_UNUSED_VARIABLE = YES;
				IPHONEOS_DEPLOYMENT_TARGET = 8.2;
				MTL_ENABLE_DEBUG_INFO = YES;
				ONLY_ACTIVE_ARCH = YES;
				SDKROOT = iphoneos;
			};
			name = Debug;
		};
		04F48B761AFA31A400ADC7BB /* Release */ = {
			isa = XCBuildConfiguration;
			buildSettings = {
				ALWAYS_SEARCH_USER_PATHS = NO;
				CLANG_CXX_LANGUAGE_STANDARD = "gnu++0x";
				CLANG_CXX_LIBRARY = "libc++";
				CLANG_ENABLE_MODULES = YES;
				CLANG_ENABLE_OBJC_ARC = YES;
				CLANG_WARN_BOOL_CONVERSION = YES;
				CLANG_WARN_CONSTANT_CONVERSION = YES;
				CLANG_WARN_DIRECT_OBJC_ISA_USAGE = YES_ERROR;
				CLANG_WARN_EMPTY_BODY = YES;
				CLANG_WARN_ENUM_CONVERSION = YES;
				CLANG_WARN_INT_CONVERSION = YES;
				CLANG_WARN_OBJC_ROOT_CLASS = YES_ERROR;
				CLANG_WARN_UNREACHABLE_CODE = YES;
				CLANG_WARN__DUPLICATE_METHOD_MATCH = YES;
				"CODE_SIGN_IDENTITY[sdk=iphoneos*]" = "iPhone Developer";
				COPY_PHASE_STRIP = NO;
				ENABLE_NS_ASSERTIONS = NO;
				ENABLE_STRICT_OBJC_MSGSEND = YES;
				GCC_C_LANGUAGE_STANDARD = gnu99;
				GCC_WARN_64_TO_32_BIT_CONVERSION = YES;
				GCC_WARN_ABOUT_RETURN_TYPE = YES_ERROR;
				GCC_WARN_UNDECLARED_SELECTOR = YES;
				GCC_WARN_UNINITIALIZED_AUTOS = YES_AGGRESSIVE;
				GCC_WARN_UNUSED_FUNCTION = YES;
				GCC_WARN_UNUSED_VARIABLE = YES;
				IPHONEOS_DEPLOYMENT_TARGET = 8.2;
				MTL_ENABLE_DEBUG_INFO = NO;
				SDKROOT = iphoneos;
				VALIDATE_PRODUCT = YES;
			};
			name = Release;
		};
		04F48B781AFA31A400ADC7BB /* Debug */ = {
			isa = XCBuildConfiguration;
			buildSettings = {
				ASSETCATALOG_COMPILER_APPICON_NAME = AppIcon;
				INFOPLIST_FILE = BSYProgressView/Info.plist;
				LD_RUNPATH_SEARCH_PATHS = "$(inherited) @executable_path/Frameworks";
				PRODUCT_NAME = "$(TARGET_NAME)";
			};
			name = Debug;
		};
		04F48B791AFA31A400ADC7BB /* Release */ = {
			isa = XCBuildConfiguration;
			buildSettings = {
				ASSETCATALOG_COMPILER_APPICON_NAME = AppIcon;
				INFOPLIST_FILE = BSYProgressView/Info.plist;
				LD_RUNPATH_SEARCH_PATHS = "$(inherited) @executable_path/Frameworks";
				PRODUCT_NAME = "$(TARGET_NAME)";
			};
			name = Release;
		};
		04F48B7B1AFA31A400ADC7BB /* Debug */ = {
			isa = XCBuildConfiguration;
			buildSettings = {
				BUNDLE_LOADER = "$(TEST_HOST)";
				FRAMEWORK_SEARCH_PATHS = (
					"$(SDKROOT)/Developer/Library/Frameworks",
					"$(inherited)",
				);
				GCC_PREPROCESSOR_DEFINITIONS = (
					"DEBUG=1",
					"$(inherited)",
				);
				INFOPLIST_FILE = BSYProgressViewTests/Info.plist;
				LD_RUNPATH_SEARCH_PATHS = "$(inherited) @executable_path/Frameworks @loader_path/Frameworks";
				PRODUCT_NAME = "$(TARGET_NAME)";
				TEST_HOST = "$(BUILT_PRODUCTS_DIR)/BSYProgressView.app/BSYProgressView";
			};
			name = Debug;
		};
		04F48B7C1AFA31A400ADC7BB /* Release */ = {
			isa = XCBuildConfiguration;
			buildSettings = {
				BUNDLE_LOADER = "$(TEST_HOST)";
				FRAMEWORK_SEARCH_PATHS = (
					"$(SDKROOT)/Developer/Library/Frameworks",
					"$(inherited)",
				);
				INFOPLIST_FILE = BSYProgressViewTests/Info.plist;
				LD_RUNPATH_SEARCH_PATHS = "$(inherited) @executable_path/Frameworks @loader_path/Frameworks";
				PRODUCT_NAME = "$(TARGET_NAME)";
				TEST_HOST = "$(BUILT_PRODUCTS_DIR)/BSYProgressView.app/BSYProgressView";
			};
			name = Release;
		};
/* End XCBuildConfiguration section */

/* Begin XCConfigurationList section */
		04F48B4F1AFA31A400ADC7BB /* Build configuration list for PBXProject "BSYProgressView" */ = {
			isa = XCConfigurationList;
			buildConfigurations = (
				04F48B751AFA31A400ADC7BB /* Debug */,
				04F48B761AFA31A400ADC7BB /* Release */,
			);
			defaultConfigurationIsVisible = 0;
			defaultConfigurationName = Release;
		};
		04F48B771AFA31A400ADC7BB /* Build configuration list for PBXNativeTarget "BSYProgressView" */ = {
			isa = XCConfigurationList;
			buildConfigurations = (
				04F48B781AFA31A400ADC7BB /* Debug */,
				04F48B791AFA31A400ADC7BB /* Release */,
			);
			defaultConfigurationIsVisible = 0;
		};
		04F48B7A1AFA31A400ADC7BB /* Build configuration list for PBXNativeTarget "BSYProgressViewTests" */ = {
			isa = XCConfigurationList;
			buildConfigurations = (
				04F48B7B1AFA31A400ADC7BB /* Debug */,
				04F48B7C1AFA31A400ADC7BB /* Release */,
			);
			defaultConfigurationIsVisible = 0;
		};
/* End XCConfigurationList section */
	};
	rootObject = 04F48B4C1AFA31A400ADC7BB /* Project object */;
}
